
Microsoft Visual Studio Solution File, Format Version 12.00
# Visual Studio Version 17
VisualStudioVersion = 17.10.35013.160
MinimumVisualStudioVersion = 10.0.40219.1
Project("{FAE04EC0-301F-11D3-BF4B-00C04F79EFBC}") = "srez", "srez\srez.csproj", "{A19C3E9B-429C-4399-81DA-05E8724974B9}"
EndProject
Global
	GlobalSection(SolutionConfigurationPlatforms) = preSolution
		Debug|Any CPU = Debug|Any CPU
		Release|Any CPU = Release|Any CPU
	EndGlobalSection
	GlobalSection(ProjectConfigurationPlatforms) = postSolution
		{A19C3E9B-429C-4399-81DA-05E8724974B9}.Debug|Any CPU.ActiveCfg = Debug|Any CPU
		{A19C3E9B-429C-4399-81DA-05E8724974B9}.Debug|Any CPU.Build.0 = Debug|Any CPU
		{A19C3E9B-429C-4399-81DA-05E8724974B9}.Release|Any CPU.ActiveCfg = Release|Any CPU
		{A19C3E9B-429C-4399-81DA-05E8724974B9}.Release|Any CPU.Build.0 = Release|Any CPU
	EndGlobalSection
	GlobalSection(SolutionProperties) = preSolution
		HideSolutionNode = FALSE
	EndGlobalSection
	GlobalSection(ExtensibilityGlobals) = postSolution
		SolutionGuid = {F0B458DB-9116-45DC-BE5C-DFA3A46548F4}
	EndGlobalSection
EndGlobal
